
Microsoft Visual Studio Solution File, Format Version 12.00
Project("{FAE04EC0-301F-11D3-BF4B-00C04F79EFBC}") = "SnakeGame", "SnakeGame\SnakeGame.csproj", "{47858749-FA97-404E-92E1-19AED5B63622}"
EndProject
Global
	GlobalSection(SolutionConfigurationPlatforms) = preSolution
		Debug|Any CPU = Debug|Any CPU
		Release|Any CPU = Release|Any CPU
	EndGlobalSection
	GlobalSection(ProjectConfigurationPlatforms) = postSolution
		{47858749-FA97-404E-92E1-19AED5B63622}.Debug|Any CPU.ActiveCfg = Debug|Any CPU
		{47858749-FA97-404E-92E1-19AED5B63622}.Debug|Any CPU.Build.0 = Debug|Any CPU
		{47858749-FA97-404E-92E1-19AED5B63622}.Release|Any CPU.ActiveCfg = Release|Any CPU
		{47858749-FA97-404E-92E1-19AED5B63622}.Release|Any CPU.Build.0 = Release|Any CPU
	EndGlobalSection
EndGlobal
